PODS:
  - OpenSSL-Universal (1.1.2301)
  - SwiftyBeaver (1.7.1)

DEPENDENCIES:
  - OpenSSL-Universal (~> 1.1.0i)
  - SwiftyBeaver (~> 1.7.0)

SPEC REPOS:
  trunk:
    - OpenSSL-Universal
    - SwiftyBeaver

SPEC CHECKSUMS:
  OpenSSL-Universal: ca89c20240633a77c776082ba76b7d90f992bf77
  SwiftyBeaver: da5e573ad583586c18236324c36900990afe1733

PODFILE CHECKSUM: 291a5d9f83cd7cbc10f9d9d3b67c62faa42aefef

COCOAPODS: 1.16.2
