PODS:
  - OpenSSL-Universal (1.1.2301)
  - PIATunnel (2.0.2):
    - PIATunnel/AppExtension (= 2.0.2)
    - PIATunnel/Core (= 2.0.2)
  - PIATunnel/AppExtension (2.0.2):
    - PIATunnel/Core
    - SwiftyBeaver
  - PIATunnel/Core (2.0.2):
    - OpenSSL-Universal (~> 1.1.0i)
    - SwiftyBeaver (~> 1.9.0)
  - SwiftyBeaver (1.9.5)

DEPENDENCIES:
  - PIATunnel (from `https://github.com/tuant2n/tunnel-apple.git`)

SPEC REPOS:
  trunk:
    - OpenSSL-Universal
    - SwiftyBeaver

EXTERNAL SOURCES:
  PIATunnel:
    :git: https://github.com/tuant2n/tunnel-apple.git

CHECKOUT OPTIONS:
  PIATunnel:
    :commit: a909a15b615639dd46c275626c692c0e0d3e81ca
    :git: https://github.com/tuant2n/tunnel-apple.git

SPEC CHECKSUMS:
  OpenSSL-Universal: ca89c20240633a77c776082ba76b7d90f992bf77
  PIATunnel: c9a9f612407c2bf861829f2442ff7d4c1d131d47
  SwiftyBeaver: 84069991dd5dca07d7069100985badaca7f0ce82

PODFILE CHECKSUM: c5ab70c21b26521fa5549b9192dff21c8d86e55a

COCOAPODS: 1.16.2
