PODS:
  - OpenSSL-Universal (1.1.1900)
  - PIATunnel (2.0.2):
    - PIATunnel/AppExtension (= 2.0.2)
    - PIATunnel/Core (= 2.0.2)
  - PIATunnel/AppExtension (2.0.2):
    - PIATunnel/Core
    - SwiftyBeaver
  - PIATunnel/Core (2.0.2):
    - OpenSSL-Universal (~> 1.1.0i)
    - SwiftyBeaver (~> 1.7.0)
  - SwiftyBeaver (1.7.1)

DEPENDENCIES:
  - PIATunnel (from `https://github.com/tuant2n/tunnel-apple.git`)

SPEC REPOS:
  trunk:
    - OpenSSL-Universal
    - SwiftyBeaver

EXTERNAL SOURCES:
  PIATunnel:
    :git: https://github.com/tuant2n/tunnel-apple.git

CHECKOUT OPTIONS:
  PIATunnel:
    :commit: badfb491bdf2bf91e085c54e7967d31cdbbc1958
    :git: https://github.com/tuant2n/tunnel-apple.git

SPEC CHECKSUMS:
  OpenSSL-Universal: 84efb8a29841f2764ac5403e0c4119a28b713346
  PIATunnel: 88f02a6978dac182f62b87c2d3123afa37d264d6
  SwiftyBeaver: da5e573ad583586c18236324c36900990afe1733

PODFILE CHECKSUM: c5ab70c21b26521fa5549b9192dff21c8d86e55a

COCOAPODS: 1.16.2
